// !$*UTF8*$!
{
	archiveVersion = 1;
	classes = {
	};
	objectVersion = 50;
	objects = {

/* Begin PBXBuildFile section */
		C67125D124E1200600B88D34 /* AppDelegate.swift in Sources */ = {isa = PBXBuildFile; fileRef = C67125D024E1200600B88D34 /* AppDelegate.swift */; };
		C67125D324E1200600B88D34 /* SceneDelegate.swift in Sources */ = {isa = PBXBuildFile; fileRef = C67125D224E1200600B88D34 /* SceneDelegate.swift */; };
		C67125D524E1200600B88D34 /* ViewController.swift in Sources */ = {isa = PBXBuildFile; fileRef = C67125D424E1200600B88D34 /* ViewController.swift */; };
		C67125D824E1200600B88D34 /* Main.storyboard in Resources */ = {isa = PBXBuildFile; fileRef = C67125D624E1200600B88D34 /* Main.storyboard */; };
		C67125DA24E1200700B88D34 /* Assets.xcassets in Resources */ = {isa = PBXBuildFile; fileRef = C67125D924E1200700B88D34 /* Assets.xcassets */; };
		C67125DD24E1200700B88D34 /* LaunchScreen.storyboard in Resources */ = {isa = PBXBuildFile; fileRef = C67125DB24E1200700B88D34 /* LaunchScreen.storyboard */; };
		C67125E824E1200800B88D34 /* clothesChangeTests.swift in Sources */ = {isa = PBXBuildFile; fileRef = C67125E724E1200800B88D34 /* clothesChangeTests.swift */; };
		C67125F324E1200800B88D34 /* clothesChangeUITests.swift in Sources */ = {isa = PBXBuildFile; fileRef = C67125F224E1200800B88D34 /* clothesChangeUITests.swift */; };
/* End PBXBuildFile section */

/* Begin PBXContainerItemProxy section */
		C67125E424E1200800B88D34 /* PBXContainerItemProxy */ = {
			isa = PBXContainerItemProxy;
			containerPortal = C67125C524E1200600B88D34 /* Project object */;
			proxyType = 1;
			remoteGlobalIDString = C67125CC24E1200600B88D34;
			remoteInfo = clothesChange;
		};
		C67125EF24E1200800B88D34 /* PBXContainerItemProxy */ = {
			isa = PBXContainerItemProxy;
			containerPortal = C67125C524E1200600B88D34 /* Project object */;
			proxyType = 1;
			remoteGlobalIDString = C67125CC24E1200600B88D34;
			remoteInfo = clothesChange;
		};
/* End PBXContainerItemProxy section */

/* Begin PBXFileReference section */
		C67125CD24E1200600B88D34 /* clothesChange.app */ = {isa = PBXFileReference; explicitFileType = wrapper.application; includeInIndex = 0; path = clothesChange.app; sourceTree = BUILT_PRODUCTS_DIR; };
		C67125D024E1200600B88D34 /* AppDelegate.swift */ = {isa = PBXFileReference; lastKnownFileType = sourcecode.swift; path = AppDelegate.swift; sourceTree = "<group>"; };
		C67125D224E1200600B88D34 /* SceneDelegate.swift */ = {isa = PBXFileReference; lastKnownFileType = sourcecode.swift; path = SceneDelegate.swift; sourceTree = "<group>"; };
		C67125D424E1200600B88D34 /* ViewController.swift */ = {isa = PBXFileReference; lastKnownFileType = sourcecode.swift; path = ViewController.swift; sourceTree = "<group>"; };
		C67125D724E1200600B88D34 /* Base */ = {isa = PBXFileReference; lastKnownFileType = file.storyboard; name = Base; path = Base.lproj/Main.storyboard; sourceTree = "<group>"; };
		C67125D924E1200700B88D34 /* Assets.xcassets */ = {isa = PBXFileReference; lastKnownFileType = folder.assetcatalog; path = Assets.xcassets; sourceTree = "<group>"; };
		C67125DC24E1200700B88D34 /* Base */ = {isa = PBXFileReference; lastKnownFileType = file.storyboard; name = Base; path = Base.lproj/LaunchScreen.storyboard; sourceTree = "<group>"; };
		C67125DE24E1200700B88D34 /* Info.plist */ = {isa = PBXFileReference; lastKnownFileType = text.plist.xml; path = Info.plist; sourceTree = "<group>"; };
		C67125E324E1200800B88D34 /* clothesChangeTests.xctest */ = {isa = PBXFileReference; explicitFileType = wrapper.cfbundle; includeInIndex = 0; path = clothesChangeTests.xctest; sourceTree = BUILT_PRODUCTS_DIR; };
		C67125E724E1200800B88D34 /* clothesChangeTests.swift */ = {isa = PBXFileReference; lastKnownFileType = sourcecode.swift; path = clothesChangeTests.swift; sourceTree = "<group>"; };
		C67125E924E1200800B88D34 /* Info.plist */ = {isa = PBXFileReference; lastKnownFileType = text.plist.xml; path = Info.plist; sourceTree = "<group>"; };
		C67125EE24E1200800B88D34 /* clothesChangeUITests.xctest */ = {isa = PBXFileReference; explicitFileType = wrapper.cfbundle; includeInIndex = 0; path = clothesChangeUITests.xctest; sourceTree = BUILT_PRODUCTS_DIR; };
		C67125F224E1200800B88D34 /* clothesChangeUITests.swift */ = {isa = PBXFileReference; lastKnownFileType = sourcecode.swift; path = clothesChangeUITests.swift; sourceTree = "<group>"; };
		C67125F424E1200800B88D34 /* Info.plist */ = {isa = PBXFileReference; lastKnownFileType = text.plist.xml; path = Info.plist; sourceTree = "<group>"; };
/* End PBXFileReference section */

/* Begin PBXFrameworksBuildPhase section */
		C67125CA24E1200600B88D34 /* Frameworks */ = {
			isa = PBXFrameworksBuildPhase;
			buildActionMask = 2147483647;
			files = (
			);
			runOnlyForDeploymentPostprocessing = 0;
		};
		C67125E024E1200800B88D34 /* Frameworks */ = {
			isa = PBXFrameworksBuildPhase;
			buildActionMask = 2147483647;
			files = (
			);
			runOnlyForDeploymentPostprocessing = 0;
		};
		C67125EB24E1200800B88D34 /* Frameworks */ = {
			isa = PBXFrameworksBuildPhase;
			buildActionMask = 2147483647;
			files = (
			);
			runOnlyForDeploymentPostprocessing = 0;
		};
/* End PBXFrameworksBuildPhase section */

/* Begin PBXGroup section */
		C67125C424E1200600B88D34 = {
			isa = PBXGroup;
			children = (
				C67125CF24E1200600B88D34 /* clothesChange */,
				C67125E624E1200800B88D34 /* clothesChangeTests */,
				C67125F124E1200800B88D34 /* clothesChangeUITests */,
				C67125CE24E1200600B88D34 /* Products */,
			);
			sourceTree = "<group>";
		};
		C67125CE24E1200600B88D34 /* Products */ = {
			isa = PBXGroup;
			children = (
				C67125CD24E1200600B88D34 /* clothesChange.app */,
				C67125E324E1200800B88D34 /* clothesChangeTests.xctest */,
				C67125EE24E1200800B88D34 /* clothesChangeUITests.xctest */,
			);
			name = Products;
			sourceTree = "<group>";
		};
		C67125CF24E1200600B88D34 /* clothesChange */ = {
			isa = PBXGroup;
			children = (
				C67125D024E1200600B88D34 /* AppDelegate.swift */,
				C67125D224E1200600B88D34 /* SceneDelegate.swift */,
				C67125D424E1200600B88D34 /* ViewController.swift */,
				C67125D624E1200600B88D34 /* Main.storyboard */,
				C67125D924E1200700B88D34 /* Assets.xcassets */,
				C67125DB24E1200700B88D34 /* LaunchScreen.storyboard */,
				C67125DE24E1200700B88D34 /* Info.plist */,
			);
			path = clothesChange;
			sourceTree = "<group>";
		};
		C67125E624E1200800B88D34 /* clothesChangeTests */ = {
			isa = PBXGroup;
			children = (
				C67125E724E1200800B88D34 /* clothesChangeTests.swift */,
				C67125E924E1200800B88D34 /* Info.plist */,
			);
			path = clothesChangeTests;
			sourceTree = "<group>";
		};
		C67125F124E1200800B88D34 /* clothesChangeUITests */ = {
			isa = PBXGroup;
			children = (
				C67125F224E1200800B88D34 /* clothesChangeUITests.swift */,
				C67125F424E1200800B88D34 /* Info.plist */,
			);
			path = clothesChangeUITests;
			sourceTree = "<group>";
		};
/* End PBXGroup section */

/* Begin PBXNativeTarget section */
		C67125CC24E1200600B88D34 /* clothesChange */ = {
			isa = PBXNativeTarget;
			buildConfigurationList = C67125F724E1200800B88D34 /* Build configuration list for PBXNativeTarget "clothesChange" */;
			buildPhases = (
				C67125C924E1200600B88D34 /* Sources */,
				C67125CA24E1200600B88D34 /* Frameworks */,
				C67125CB24E1200600B88D34 /* Resources */,
			);
			buildRules = (
			);
			dependencies = (
			);
			name = clothesChange;
			productName = clothesChange;
			productReference = C67125CD24E1200600B88D34 /* clothesChange.app */;
			productType = "com.apple.product-type.application";
		};
		C67125E224E1200800B88D34 /* clothesChangeTests */ = {
			isa = PBXNativeTarget;
			buildConfigurationList = C67125FA24E1200800B88D34 /* Build configuration list for PBXNativeTarget "clothesChangeTests" */;
			buildPhases = (
				C67125DF24E1200800B88D34 /* Sources */,
				C67125E024E1200800B88D34 /* Frameworks */,
				C67125E124E1200800B88D34 /* Resources */,
			);
			buildRules = (
			);
			dependencies = (
				C67125E524E1200800B88D34 /* PBXTargetDependency */,
			);
			name = clothesChangeTests;
			productName = clothesChangeTests;
			productReference = C67125E324E1200800B88D34 /* clothesChangeTests.xctest */;
			productType = "com.apple.product-type.bundle.unit-test";
		};
		C67125ED24E1200800B88D34 /* clothesChangeUITests */ = {
			isa = PBXNativeTarget;
			buildConfigurationList = C67125FD24E1200800B88D34 /* Build configuration list for PBXNativeTarget "clothesChangeUITests" */;
			buildPhases = (
				C67125EA24E1200800B88D34 /* Sources */,
				C67125EB24E1200800B88D34 /* Frameworks */,
				C67125EC24E1200800B88D34 /* Resources */,
			);
			buildRules = (
			);
			dependencies = (
				C67125F024E1200800B88D34 /* PBXTargetDependency */,
			);
			name = clothesChangeUITests;
			productName = clothesChangeUITests;
			productReference = C67125EE24E1200800B88D34 /* clothesChangeUITests.xctest */;
			productType = "com.apple.product-type.bundle.ui-testing";
		};
/* End PBXNativeTarget section */

/* Begin PBXProject section */
		C67125C524E1200600B88D34 /* Project object */ = {
			isa = PBXProject;
			attributes = {
				LastSwiftUpdateCheck = 1200;
				LastUpgradeCheck = 1200;
				TargetAttributes = {
					C67125CC24E1200600B88D34 = {
						CreatedOnToolsVersion = 12.0;
					};
					C67125E224E1200800B88D34 = {
						CreatedOnToolsVersion = 12.0;
						TestTargetID = C67125CC24E1200600B88D34;
					};
					C67125ED24E1200800B88D34 = {
						CreatedOnToolsVersion = 12.0;
						TestTargetID = C67125CC24E1200600B88D34;
					};
				};
			};
			buildConfigurationList = C67125C824E1200600B88D34 /* Build configuration list for PBXProject "clothesChange" */;
			compatibilityVersion = "Xcode 9.3";
			developmentRegion = en;
			hasScannedForEncodings = 0;
			knownRegions = (
				en,
				Base,
			);
			mainGroup = C67125C424E1200600B88D34;
			productRefGroup = C67125CE24E1200600B88D34 /* Products */;
			projectDirPath = "";
			projectRoot = "";
			targets = (
				C67125CC24E1200600B88D34 /* clothesChange */,
				C67125E224E1200800B88D34 /* clothesChangeTests */,
				C67125ED24E1200800B88D34 /* clothesChangeUITests */,
			);
		};
/* End PBXProject section */

/* Begin PBXResourcesBuildPhase section */
		C67125CB24E1200600B88D34 /* Resources */ = {
			isa = PBXResourcesBuildPhase;
			buildActionMask = 2147483647;
			files = (
				C67125DD24E1200700B88D34 /* LaunchScreen.storyboard in Resources */,
				C67125DA24E1200700B88D34 /* Assets.xcassets in Resources */,
				C67125D824E1200600B88D34 /* Main.storyboard in Resources */,
			);
			runOnlyForDeploymentPostprocessing = 0;
		};
		C67125E124E1200800B88D34 /* Resources */ = {
			isa = PBXResourcesBuildPhase;
			buildActionMask = 2147483647;
			files = (
			);
			runOnlyForDeploymentPostprocessing = 0;
		};
		C67125EC24E1200800B88D34 /* Resources */ = {
			isa = PBXResourcesBuildPhase;
			buildActionMask = 2147483647;
			files = (
			);
			runOnlyForDeploymentPostprocessing = 0;
		};
/* End PBXResourcesBuildPhase section */

/* Begin PBXSourcesBuildPhase section */
		C67125C924E1200600B88D34 /* Sources */ = {
			isa = PBXSourcesBuildPhase;
			buildActionMask = 2147483647;
			files = (
				C67125D524E1200600B88D34 /* ViewController.swift in Sources */,
				C67125D124E1200600B88D34 /* AppDelegate.swift in Sources */,
				C67125D324E1200600B88D34 /* SceneDelegate.swift in Sources */,
			);
			runOnlyForDeploymentPostprocessing = 0;
		};
		C67125DF24E1200800B88D34 /* Sources */ = {
			isa = PBXSourcesBuildPhase;
			buildActionMask = 2147483647;
			files = (
				C67125E824E1200800B88D34 /* clothesChangeTests.swift in Sources */,
			);
			runOnlyForDeploymentPostprocessing = 0;
		};
		C67125EA24E1200800B88D34 /* Sources */ = {
			isa = PBXSourcesBuildPhase;
			buildActionMask = 2147483647;
			files = (
				C67125F324E1200800B88D34 /* clothesChangeUITests.swift in Sources */,
			);
			runOnlyForDeploymentPostprocessing = 0;
		};
/* End PBXSourcesBuildPhase section */

/* Begin PBXTargetDependency section */
		C67125E524E1200800B88D34 /* PBXTargetDependency */ = {
			isa = PBXTargetDependency;
			target = C67125CC24E1200600B88D34 /* clothesChange */;
			targetProxy = C67125E424E1200800B88D34 /* PBXContainerItemProxy */;
		};
		C67125F024E1200800B88D34 /* PBXTargetDependency */ = {
			isa = PBXTargetDependency;
			target = C67125CC24E1200600B88D34 /* clothesChange */;
			targetProxy = C67125EF24E1200800B88D34 /* PBXContainerItemProxy */;
		};
/* End PBXTargetDependency section */

/* Begin PBXVariantGroup section */
		C67125D624E1200600B88D34 /* Main.storyboard */ = {
			isa = PBXVariantGroup;
			children = (
				C67125D724E1200600B88D34 /* Base */,
			);
			name = Main.storyboard;
			sourceTree = "<group>";
		};
		C67125DB24E1200700B88D34 /* LaunchScreen.storyboard */ = {
			isa = PBXVariantGroup;
			children = (
				C67125DC24E1200700B88D34 /* Base */,
			);
			name = LaunchScreen.storyboard;
			sourceTree = "<group>";
		};
/* End PBXVariantGroup section */

/* Begin XCBuildConfiguration section */
		C67125F524E1200800B88D34 /* Debug */ = {
			isa = XCBuildConfiguration;
			buildSettings = {
				ALWAYS_SEARCH_USER_PATHS = NO;
				CLANG_ANALYZER_NONNULL = YES;
				CLANG_ANALYZER_NUMBER_OBJECT_CONVERSION = YES_AGGRESSIVE;
				CLANG_CXX_LANGUAGE_STANDARD = "gnu++14";
				CLANG_CXX_LIBRARY = "libc++";
				CLANG_ENABLE_MODULES = YES;
				CLANG_ENABLE_OBJC_ARC = YES;
				CLANG_ENABLE_OBJC_WEAK = YES;
				CLANG_WARN_BLOCK_CAPTURE_AUTORELEASING = YES;
				CLANG_WARN_BOOL_CONVERSION = YES;
				CLANG_WARN_COMMA = YES;
				CLANG_WARN_CONSTANT_CONVERSION = YES;
				CLANG_WARN_DEPRECATED_OBJC_IMPLEMENTATIONS = YES;
				CLANG_WARN_DIRECT_OBJC_ISA_USAGE = YES_ERROR;
				CLANG_WARN_DOCUMENTATION_COMMENTS = YES;
				CLANG_WARN_EMPTY_BODY = YES;
				CLANG_WARN_ENUM_CONVERSION = YES;
				CLANG_WARN_INFINITE_RECURSION = YES;
				CLANG_WARN_INT_CONVERSION = YES;
				CLANG_WARN_NON_LITERAL_NULL_CONVERSION = YES;
				CLANG_WARN_OBJC_IMPLICIT_RETAIN_SELF = YES;
				CLANG_WARN_OBJC_LITERAL_CONVERSION = YES;
				CLANG_WARN_OBJC_ROOT_CLASS = YES_ERROR;
				CLANG_WARN_QUOTED_INCLUDE_IN_FRAMEWORK_HEADER = YES;
				CLANG_WARN_RANGE_LOOP_ANALYSIS = YES;
				CLANG_WARN_STRICT_PROTOTYPES = YES;
				CLANG_WARN_SUSPICIOUS_MOVE = YES;
				CLANG_WARN_UNGUARDED_AVAILABILITY = YES_AGGRESSIVE;
				CLANG_WARN_UNREACHABLE_CODE = YES;
				CLANG_WARN__DUPLICATE_METHOD_MATCH = YES;
				COPY_PHASE_STRIP = NO;
				DEBUG_INFORMATION_FORMAT = dwarf;
				ENABLE_STRICT_OBJC_MSGSEND = YES;
				ENABLE_TESTABILITY = YES;
				GCC_C_LANGUAGE_STANDARD = gnu11;
				GCC_DYNAMIC_NO_PIC = NO;
				GCC_NO_COMMON_BLOCKS = YES;
				GCC_OPTIMIZATION_LEVEL = 0;
				GCC_PREPROCESSOR_DEFINITIONS = (
					"DEBUG=1",
					"$(inherited)",
				);
				GCC_WARN_64_TO_32_BIT_CONVERSION = YES;
				GCC_WARN_ABOUT_RETURN_TYPE = YES_ERROR;
				GCC_WARN_UNDECLARED_SELECTOR = YES;
				GCC_WARN_UNINITIALIZED_AUTOS = YES_AGGRESSIVE;
				GCC_WARN_UNUSED_FUNCTION = YES;
				GCC_WARN_UNUSED_VARIABLE = YES;
				IPHONEOS_DEPLOYMENT_TARGET = 14.0;
				MTL_ENABLE_DEBUG_INFO = INCLUDE_SOURCE;
				MTL_FAST_MATH = YES;
				ONLY_ACTIVE_ARCH = YES;
				SDKROOT = iphoneos;
				SWIFT_ACTIVE_COMPILATION_CONDITIONS = DEBUG;
				SWIFT_OPTIMIZATION_LEVEL = "-Onone";
			};
			name = Debug;
		};
		C67125F624E1200800B88D34 /* Release */ = {
			isa = XCBuildConfiguration;
			buildSettings = {
				ALWAYS_SEARCH_USER_PATHS = NO;
				CLANG_ANALYZER_NONNULL = YES;
				CLANG_ANALYZER_NUMBER_OBJECT_CONVERSION = YES_AGGRESSIVE;
				CLANG_CXX_LANGUAGE_STANDARD = "gnu++14";
				CLANG_CXX_LIBRARY = "libc++";
				CLANG_ENABLE_MODULES = YES;
				CLANG_ENABLE_OBJC_ARC = YES;
				CLANG_ENABLE_OBJC_WEAK = YES;
				CLANG_WARN_BLOCK_CAPTURE_AUTORELEASING = YES;
				CLANG_WARN_BOOL_CONVERSION = YES;
				CLANG_WARN_COMMA = YES;
				CLANG_WARN_CONSTANT_CONVERSION = YES;
				CLANG_WARN_DEPRECATED_OBJC_IMPLEMENTATIONS = YES;
				CLANG_WARN_DIRECT_OBJC_ISA_USAGE = YES_ERROR;
				CLANG_WARN_DOCUMENTATION_COMMENTS = YES;
				CLANG_WARN_EMPTY_BODY = YES;
				CLANG_WARN_ENUM_CONVERSION = YES;
				CLANG_WARN_INFINITE_RECURSION = YES;
				CLANG_WARN_INT_CONVERSION = YES;
				CLANG_WARN_NON_LITERAL_NULL_CONVERSION = YES;
				CLANG_WARN_OBJC_IMPLICIT_RETAIN_SELF = YES;
				CLANG_WARN_OBJC_LITERAL_CONVERSION = YES;
				CLANG_WARN_OBJC_ROOT_CLASS = YES_ERROR;
				CLANG_WARN_QUOTED_INCLUDE_IN_FRAMEWORK_HEADER = YES;
				CLANG_WARN_RANGE_LOOP_ANALYSIS = YES;
				CLANG_WARN_STRICT_PROTOTYPES = YES;
				CLANG_WARN_SUSPICIOUS_MOVE = YES;
				CLANG_WARN_UNGUARDED_AVAILABILITY = YES_AGGRESSIVE;
				CLANG_WARN_UNREACHABLE_CODE = YES;
				CLANG_WARN__DUPLICATE_METHOD_MATCH = YES;
				COPY_PHASE_STRIP = NO;
				DEBUG_INFORMATION_FORMAT = "dwarf-with-dsym";
				ENABLE_NS_ASSERTIONS = NO;
				ENABLE_STRICT_OBJC_MSGSEND = YES;
				GCC_C_LANGUAGE_STANDARD = gnu11;
				GCC_NO_COMMON_BLOCKS = YES;
				GCC_WARN_64_TO_32_BIT_CONVERSION = YES;
				GCC_WARN_ABOUT_RETURN_TYPE = YES_ERROR;
				GCC_WARN_UNDECLARED_SELECTOR = YES;
				GCC_WARN_UNINITIALIZED_AUTOS = YES_AGGRESSIVE;
				GCC_WARN_UNUSED_FUNCTION = YES;
				GCC_WARN_UNUSED_VARIABLE = YES;
				IPHONEOS_DEPLOYMENT_TARGET = 14.0;
				MTL_ENABLE_DEBUG_INFO = NO;
				MTL_FAST_MATH = YES;
				SDKROOT = iphoneos;
				SWIFT_COMPILATION_MODE = wholemodule;
				SWIFT_OPTIMIZATION_LEVEL = "-O";
				VALIDATE_PRODUCT = YES;
			};
			name = Release;
		};
		C67125F824E1200800B88D34 /* Debug */ = {
			isa = XCBuildConfiguration;
			buildSettings = {
				ASSETCATALOG_COMPILER_APPICON_NAME = AppIcon;
				ASSETCATALOG_COMPILER_GLOBAL_ACCENT_COLOR_NAME = AccentColor;
				CODE_SIGN_STYLE = Automatic;
				DEVELOPMENT_TEAM = 24P9PKP7RJ;
				INFOPLIST_FILE = clothesChange/Info.plist;
				LD_RUNPATH_SEARCH_PATHS = (
					"$(inherited)",
					"@executable_path/Frameworks",
				);
				PRODUCT_BUNDLE_IDENTIFIER = com.yu.clothesChange;
				PRODUCT_NAME = "$(TARGET_NAME)";
				SWIFT_VERSION = 5.0;
				TARGETED_DEVICE_FAMILY = "1,2";
			};
			name = Debug;
		};
		C67125F924E1200800B88D34 /* Release */ = {
			isa = XCBuildConfiguration;
			buildSettings = {
				ASSETCATALOG_COMPILER_APPICON_NAME = AppIcon;
				ASSETCATALOG_COMPILER_GLOBAL_ACCENT_COLOR_NAME = AccentColor;
				CODE_SIGN_STYLE = Automatic;
				DEVELOPMENT_TEAM = 24P9PKP7RJ;
				INFOPLIST_FILE = clothesChange/Info.plist;
				LD_RUNPATH_SEARCH_PATHS = (
					"$(inherited)",
					"@executable_path/Frameworks",
				);
				PRODUCT_BUNDLE_IDENTIFIER = com.yu.clothesChange;
				PRODUCT_NAME = "$(TARGET_NAME)";
				SWIFT_VERSION = 5.0;
				TARGETED_DEVICE_FAMILY = "1,2";
			};
			name = Release;
		};
		C67125FB24E1200800B88D34 /* Debug */ = {
			isa = XCBuildConfiguration;
			buildSettings = {
				ALWAYS_EMBED_SWIFT_STANDARD_LIBRARIES = YES;
				BUNDLE_LOADER = "$(TEST_HOST)";
				CODE_SIGN_STYLE = Automatic;
				DEVELOPMENT_TEAM = 24P9PKP7RJ;
				INFOPLIST_FILE = clothesChangeTests/Info.plist;
				IPHONEOS_DEPLOYMENT_TARGET = 14.0;
				LD_RUNPATH_SEARCH_PATHS = (
					"$(inherited)",
					"@executable_path/Frameworks",
					"@loader_path/Frameworks",
				);
				PRODUCT_BUNDLE_IDENTIFIER = com.yu.clothesChangeTests;
				PRODUCT_NAME = "$(TARGET_NAME)";
				SWIFT_VERSION = 5.0;
				TARGETED_DEVICE_FAMILY = "1,2";
				TEST_HOST = "$(BUILT_PRODUCTS_DIR)/clothesChange.app/clothesChange";
			};
			name = Debug;
		};
		C67125FC24E1200800B88D34 /* Release */ = {
			isa = XCBuildConfiguration;
			buildSettings = {
				ALWAYS_EMBED_SWIFT_STANDARD_LIBRARIES = YES;
				BUNDLE_LOADER = "$(TEST_HOST)";
				CODE_SIGN_STYLE = Automatic;
				DEVELOPMENT_TEAM = 24P9PKP7RJ;
				INFOPLIST_FILE = clothesChangeTests/Info.plist;
				IPHONEOS_DEPLOYMENT_TARGET = 14.0;
				LD_RUNPATH_SEARCH_PATHS = (
					"$(inherited)",
					"@executable_path/Frameworks",
					"@loader_path/Frameworks",
				);
				PRODUCT_BUNDLE_IDENTIFIER = com.yu.clothesChangeTests;
				PRODUCT_NAME = "$(TARGET_NAME)";
				SWIFT_VERSION = 5.0;
				TARGETED_DEVICE_FAMILY = "1,2";
				TEST_HOST = "$(BUILT_PRODUCTS_DIR)/clothesChange.app/clothesChange";
			};
			name = Release;
		};
		C67125FE24E1200800B88D34 /* Debug */ = {
			isa = XCBuildConfiguration;
			buildSettings = {
				ALWAYS_EMBED_SWIFT_STANDARD_LIBRARIES = YES;
				CODE_SIGN_STYLE = Automatic;
				DEVELOPMENT_TEAM = 24P9PKP7RJ;
				INFOPLIST_FILE = clothesChangeUITests/Info.plist;
				LD_RUNPATH_SEARCH_PATHS = (
					"$(inherited)",
					"@executable_path/Frameworks",
					"@loader_path/Frameworks",
				);
				PRODUCT_BUNDLE_IDENTIFIER = com.yu.clothesChangeUITests;
				PRODUCT_NAME = "$(TARGET_NAME)";
				SWIFT_VERSION = 5.0;
				TARGETED_DEVICE_FAMILY = "1,2";
				TEST_TARGET_NAME = clothesChange;
			};
			name = Debug;
		};
		C67125FF24E1200800B88D34 /* Release */ = {
			isa = XCBuildConfiguration;
			buildSettings = {
				ALWAYS_EMBED_SWIFT_STANDARD_LIBRARIES = YES;
				CODE_SIGN_STYLE = Automatic;
				DEVELOPMENT_TEAM = 24P9PKP7RJ;
				INFOPLIST_FILE = clothesChangeUITests/Info.plist;
				LD_RUNPATH_SEARCH_PATHS = (
					"$(inherited)",
					"@executable_path/Frameworks",
					"@loader_path/Frameworks",
				);
				PRODUCT_BUNDLE_IDENTIFIER = com.yu.clothesChangeUITests;
				PRODUCT_NAME = "$(TARGET_NAME)";
				SWIFT_VERSION = 5.0;
				TARGETED_DEVICE_FAMILY = "1,2";
				TEST_TARGET_NAME = clothesChange;
			};
			name = Release;
		};
/* End XCBuildConfiguration section */

/* Begin XCConfigurationList section */
		C67125C824E1200600B88D34 /* Build configuration list for PBXProject "clothesChange" */ = {
			isa = XCConfigurationList;
			buildConfigurations = (
				C67125F524E1200800B88D34 /* Debug */,
				C67125F624E1200800B88D34 /* Release */,
			);
			defaultConfigurationIsVisible = 0;
			defaultConfigurationName = Release;
		};
		C67125F724E1200800B88D34 /* Build configuration list for PBXNativeTarget "clothesChange" */ = {
			isa = XCConfigurationList;
			buildConfigurations = (
				C67125F824E1200800B88D34 /* Debug */,
				C67125F924E1200800B88D34 /* Release */,
			);
			defaultConfigurationIsVisible = 0;
			defaultConfigurationName = Release;
		};
		C67125FA24E1200800B88D34 /* Build configuration list for PBXNativeTarget "clothesChangeTests" */ = {
			isa = XCConfigurationList;
			buildConfigurations = (
				C67125FB24E1200800B88D34 /* Debug */,
				C67125FC24E1200800B88D34 /* Release */,
			);
			defaultConfigurationIsVisible = 0;
			defaultConfigurationName = Release;
		};
		C67125FD24E1200800B88D34 /* Build configuration list for PBXNativeTarget "clothesChangeUITests" */ = {
			isa = XCConfigurationList;
			buildConfigurations = (
				C67125FE24E1200800B88D34 /* Debug */,
				C67125FF24E1200800B88D34 /* Release */,
			);
			defaultConfigurationIsVisible = 0;
			defaultConfigurationName = Release;
		};
/* End XCConfigurationList section */
	};
	rootObject = C67125C524E1200600B88D34 /* Project object */;
}
